--- 
dependencies: 
  shoe: 
    group: 
    - :development
    version: ">= 0"
  ronn: 
    group: 
    - :development
    version: ">= 0"
specs: 
- rake: 
    version: 0.8.7
- configuration: 
    version: 1.1.0
- hpricot: 
    version: 0.8.2
- launchy: 
    version: 0.3.5
- rdiscount: 
    version: 1.6.3.1
- ronn: 
    version: "0.5"
- shoe: 
    version: 0.6.2
hash: 3ff1992490eaced8904331908b241e52e3d917f2
sources: 
- Rubygems: 
    uri: http://rubygems.org/
